
Microsoft Visual Studio Solution File, Format Version 11.00
# Visual Studio 2010
Project("{FAE04EC0-301F-11D3-BF4B-00C04F79EFBC}") = "GreenZoneFxEAnalyzer", "GreenZoneFxEAnalyzer\GreenZoneFxEAnalyzer.csproj", "{23C5BA7C-9F57-4854-AF4E-595D0F76C07F}"
EndProject
Project("{2150E333-8FDC-42A3-9474-1A3956D46DE8}") = "Solution Items", "Solution Items", "{6B193F06-4FF7-4F97-9D44-F9AB77EF1925}"
	ProjectSection(SolutionItems) = preProject
		GreenZoneFxEAnalyzer.vsmdi = GreenZoneFxEAnalyzer.vsmdi
		Local.testsettings = Local.testsettings
		TraceAndTestImpact.testsettings = TraceAndTestImpact.testsettings
	EndProjectSection
EndProject
Project("{FAE04EC0-301F-11D3-BF4B-00C04F79EFBC}") = "AssistantDialogLib", "AssistantDialogLib\AssistantDialogLib.csproj", "{91F1FE4D-7C89-41EC-80E2-AD77B76F681B}"
EndProject
Project("{FAE04EC0-301F-11D3-BF4B-00C04F79EFBC}") = "EnvironmentAssistant", "EnvironmentAssistant\EnvironmentAssistant.csproj", "{5B700CF7-F0CC-4AF1-B565-9ED7F40302C5}"
EndProject
Project("{FAE04EC0-301F-11D3-BF4B-00C04F79EFBC}") = "GreenZoneUtils", "GreenZoneUtils\GreenZoneUtils.csproj", "{507242C0-88E3-4FED-B7E8-BF64C80F00BE}"
EndProject
Project("{FAE04EC0-301F-11D3-BF4B-00C04F79EFBC}") = "Launcher", "Launcher\Launcher.csproj", "{50D172FC-3FF0-4AD8-9E5F-3F641BA6745A}"
EndProject
Project("{8BC9CEB8-8B4A-11D0-8D11-00A0C91BC942}") = "LauncherDll", "LauncherDll\LauncherDll.vcxproj", "{C78F0E6C-EADD-46F4-BC4F-60C0DFBB117B}"
EndProject
Project("{FAE04EC0-301F-11D3-BF4B-00C04F79EFBC}") = "GreenZoneFxEngine", "GreenZoneFxEngine\GreenZoneFxEngine.csproj", "{92AEA47F-0639-4396-B676-76D88B38C815}"
EndProject
Project("{FAE04EC0-301F-11D3-BF4B-00C04F79EFBC}") = "LZMA", "LZMA\LZMA.csproj", "{71497619-E95D-44EC-9ADA-B8719D71DC0E}"
EndProject
Project("{FAE04EC0-301F-11D3-BF4B-00C04F79EFBC}") = "GreenZoneFxRobots", "GreenZoneFxRobots\GreenZoneFxRobots.csproj", "{0371356D-94D3-4D0C-9C87-701448E9B175}"
EndProject
Project("{FAE04EC0-301F-11D3-BF4B-00C04F79EFBC}") = "GreenZoneFxRobotsLauncher", "GreenZoneFxRobotsLauncher\GreenZoneFxRobotsLauncher.csproj", "{9581ADFD-2883-4466-B31D-33D0ECF37F01}"
EndProject
Project("{FAE04EC0-301F-11D3-BF4B-00C04F79EFBC}") = "GreenZoneFxBaseGen", "GreenZoneFxBaseGen\GreenZoneFxBaseGen.csproj", "{D36B5073-02EB-4B32-9F4E-18E10803D2AC}"
EndProject
Project("{FAE04EC0-301F-11D3-BF4B-00C04F79EFBC}") = "GreenZoneUtilsBase", "GreenZoneUtilsBase\GreenZoneUtilsBase.csproj", "{994EE7A0-E2B0-417D-A191-0E2B4868E798}"
EndProject
Project("{FAE04EC0-301F-11D3-BF4B-00C04F79EFBC}") = "GreenZoneUtilsClient", "GreenZoneUtilsClient\GreenZoneUtilsClient.csproj", "{97AE3F8A-1E13-4199-96AE-761E154BC75B}"
EndProject
Project("{FAE04EC0-301F-11D3-BF4B-00C04F79EFBC}") = "GreenZoneFxClient", "GreenZoneFxClientGen\GreenZoneFxClient.csproj", "{814BCA67-3A87-42D2-810D-0DEEE84121A7}"
EndProject
Project("{FAE04EC0-301F-11D3-BF4B-00C04F79EFBC}") = "GreenZoneFxBaseGEx", "GreenZoneFxBaseGEx\GreenZoneFxBaseGEx.csproj", "{6510EB83-837B-417B-A8B6-A34E5102A011}"
EndProject
Project("{FAE04EC0-301F-11D3-BF4B-00C04F79EFBC}") = "GreenZoneFxBase", "GreenZoneFxBase\GreenZoneFxBase.csproj", "{934E7038-CA1F-4700-81BB-E6929602644B}"
EndProject
Project("{FAE04EC0-301F-11D3-BF4B-00C04F79EFBC}") = "UnitTests", "UnitTests\UnitTests.csproj", "{7B8B0F52-E3F6-4F13-8A22-7C6229A71447}"
EndProject
Project("{FAE04EC0-301F-11D3-BF4B-00C04F79EFBC}") = "BasicUtil_CS", "..\BasicUtil_CS\BasicUtil_CS.csproj", "{69787993-8CC1-4DCE-92B1-36FDE08BDB28}"
EndProject
Project("{FAE04EC0-301F-11D3-BF4B-00C04F79EFBC}") = "ZsfTraderLib_CS", "..\EAnalyzer\ZsfTraderLib_CS\ZsfTraderLib_CS.csproj", "{ADD4A3E7-FD1A-4C78-A0B2-031DC9F924C4}"
EndProject
Project("{FAE04EC0-301F-11D3-BF4B-00C04F79EFBC}") = "EAnalyzer_CS", "..\EAnalyzer\EAnalyzer_CS\EAnalyzer_CS.csproj", "{6C1723D5-82E1-42AB-8436-494C80B6BDEC}"
EndProject
Project("{FAE04EC0-301F-11D3-BF4B-00C04F79EFBC}") = "GreenZoneFxBaseGenerator", "GreenZoneFxBaseGenerator\GreenZoneFxBaseGenerator.csproj", "{AEF7F9AB-3613-4D03-9FE0-B482A80E795F}"
EndProject
Project("{FAE04EC0-301F-11D3-BF4B-00C04F79EFBC}") = "GreenZoneFxBuildTasks", "GreenZoneFxBuildTasks\GreenZoneFxBuildTasks\GreenZoneFxBuildTasks.csproj", "{5533E88B-186F-4BB6-847C-6133EE85F21E}"
EndProject
Project("{FAE04EC0-301F-11D3-BF4B-00C04F79EFBC}") = "GreenZoneFxReflectGenerator", "GreenZoneFxBuildTasks\GreenZoneFxReflectGenerator\GreenZoneFxReflectGenerator.csproj", "{28EECE18-8673-4875-9A16-DC933B4FB48B}"
EndProject
Project("{FAE04EC0-301F-11D3-BF4B-00C04F79EFBC}") = "GreenZoneSystemUtils", "GreenZoneFxBuildTasks\GreenZoneSystemUtils\GreenZoneSystemUtils.csproj", "{7FF311B6-5B1F-4572-9F2B-D4215127F09C}"
EndProject
Project("{FAE04EC0-301F-11D3-BF4B-00C04F79EFBC}") = "GreenZoneParser", "GreenZoneParser\GreenZoneParser\GreenZoneParser.csproj", "{813CA4F8-7D52-4FB7-A05A-A799F6B4CBB1}"
EndProject
Project("{FAE04EC0-301F-11D3-BF4B-00C04F79EFBC}") = "GreenZoneReflection", "GreenZoneReflection\GreenZoneReflection.csproj", "{F03E5BBA-C851-47DA-B31C-5B954FD896FD}"
EndProject
Project("{FAE04EC0-301F-11D3-BF4B-00C04F79EFBC}") = "VeryBasic", "..\..\Dropbox\ForexRobots\Fx6chambers\VeryBasic\VeryBasic.csproj", "{ED16C4F2-D32F-489D-9990-E9707EDD8C59}"
EndProject
Global
	GlobalSection(SolutionConfigurationPlatforms) = preSolution
		Debug|Any CPU = Debug|Any CPU
		Debug|Mixed Platforms = Debug|Mixed Platforms
		Debug|Win32 = Debug|Win32
		Debug|x86 = Debug|x86
		Release|Any CPU = Release|Any CPU
		Release|Mixed Platforms = Release|Mixed Platforms
		Release|Win32 = Release|Win32
		Release|x86 = Release|x86
	EndGlobalSection
	GlobalSection(ProjectConfigurationPlatforms) = postSolution
		{0371356D-94D3-4D0C-9C87-701448E9B175}.Debug|Any CPU.ActiveCfg = Debug|Any CPU
		{0371356D-94D3-4D0C-9C87-701448E9B175}.Debug|Any CPU.Build.0 = Debug|Any CPU
		{0371356D-94D3-4D0C-9C87-701448E9B175}.Debug|Mixed Platforms.ActiveCfg = Debug|Any CPU
		{0371356D-94D3-4D0C-9C87-701448E9B175}.Debug|Mixed Platforms.Build.0 = Debug|Any CPU
		{0371356D-94D3-4D0C-9C87-701448E9B175}.Debug|Win32.ActiveCfg = Debug|Any CPU
		{0371356D-94D3-4D0C-9C87-701448E9B175}.Debug|x86.ActiveCfg = Debug|Any CPU
		{0371356D-94D3-4D0C-9C87-701448E9B175}.Release|Any CPU.ActiveCfg = Release|Any CPU
		{0371356D-94D3-4D0C-9C87-701448E9B175}.Release|Any CPU.Build.0 = Release|Any CPU
		{0371356D-94D3-4D0C-9C87-701448E9B175}.Release|Mixed Platforms.ActiveCfg = Release|Any CPU
		{0371356D-94D3-4D0C-9C87-701448E9B175}.Release|Mixed Platforms.Build.0 = Release|Any CPU
		{0371356D-94D3-4D0C-9C87-701448E9B175}.Release|Win32.ActiveCfg = Release|Any CPU
		{0371356D-94D3-4D0C-9C87-701448E9B175}.Release|x86.ActiveCfg = Release|Any CPU
		{23C5BA7C-9F57-4854-AF4E-595D0F76C07F}.Debug|Any CPU.ActiveCfg = Debug|x86
		{23C5BA7C-9F57-4854-AF4E-595D0F76C07F}.Debug|Mixed Platforms.ActiveCfg = Debug|x86
		{23C5BA7C-9F57-4854-AF4E-595D0F76C07F}.Debug|Mixed Platforms.Build.0 = Debug|x86
		{23C5BA7C-9F57-4854-AF4E-595D0F76C07F}.Debug|Win32.ActiveCfg = Debug|x86
		{23C5BA7C-9F57-4854-AF4E-595D0F76C07F}.Debug|x86.ActiveCfg = Debug|x86
		{23C5BA7C-9F57-4854-AF4E-595D0F76C07F}.Debug|x86.Build.0 = Debug|x86
		{23C5BA7C-9F57-4854-AF4E-595D0F76C07F}.Release|Any CPU.ActiveCfg = Release|x86
		{23C5BA7C-9F57-4854-AF4E-595D0F76C07F}.Release|Mixed Platforms.ActiveCfg = Release|x86
		{23C5BA7C-9F57-4854-AF4E-595D0F76C07F}.Release|Mixed Platforms.Build.0 = Release|x86
		{23C5BA7C-9F57-4854-AF4E-595D0F76C07F}.Release|Win32.ActiveCfg = Release|x86
		{23C5BA7C-9F57-4854-AF4E-595D0F76C07F}.Release|x86.ActiveCfg = Release|x86
		{23C5BA7C-9F57-4854-AF4E-595D0F76C07F}.Release|x86.Build.0 = Release|x86
		{28EECE18-8673-4875-9A16-DC933B4FB48B}.Debug|Any CPU.ActiveCfg = Debug|Any CPU
		{28EECE18-8673-4875-9A16-DC933B4FB48B}.Debug|Any CPU.Build.0 = Debug|Any CPU
		{28EECE18-8673-4875-9A16-DC933B4FB48B}.Debug|Mixed Platforms.ActiveCfg = Debug|Any CPU
		{28EECE18-8673-4875-9A16-DC933B4FB48B}.Debug|Mixed Platforms.Build.0 = Debug|Any CPU
		{28EECE18-8673-4875-9A16-DC933B4FB48B}.Debug|Win32.ActiveCfg = Debug|Any CPU
		{28EECE18-8673-4875-9A16-DC933B4FB48B}.Debug|Win32.Build.0 = Debug|Any CPU
		{28EECE18-8673-4875-9A16-DC933B4FB48B}.Debug|x86.ActiveCfg = Debug|Any CPU
		{28EECE18-8673-4875-9A16-DC933B4FB48B}.Debug|x86.Build.0 = Debug|Any CPU
		{28EECE18-8673-4875-9A16-DC933B4FB48B}.Release|Any CPU.ActiveCfg = Release|Any CPU
		{28EECE18-8673-4875-9A16-DC933B4FB48B}.Release|Any CPU.Build.0 = Release|Any CPU
		{28EECE18-8673-4875-9A16-DC933B4FB48B}.Release|Mixed Platforms.ActiveCfg = Release|Any CPU
		{28EECE18-8673-4875-9A16-DC933B4FB48B}.Release|Mixed Platforms.Build.0 = Release|Any CPU
		{28EECE18-8673-4875-9A16-DC933B4FB48B}.Release|Win32.ActiveCfg = Release|Any CPU
		{28EECE18-8673-4875-9A16-DC933B4FB48B}.Release|Win32.Build.0 = Release|Any CPU
		{28EECE18-8673-4875-9A16-DC933B4FB48B}.Release|x86.ActiveCfg = Release|Any CPU
		{28EECE18-8673-4875-9A16-DC933B4FB48B}.Release|x86.Build.0 = Release|Any CPU
		{507242C0-88E3-4FED-B7E8-BF64C80F00BE}.Debug|Any CPU.ActiveCfg = Debug|x86
		{507242C0-88E3-4FED-B7E8-BF64C80F00BE}.Debug|Mixed Platforms.ActiveCfg = Debug|x86
		{507242C0-88E3-4FED-B7E8-BF64C80F00BE}.Debug|Mixed Platforms.Build.0 = Debug|x86
		{507242C0-88E3-4FED-B7E8-BF64C80F00BE}.Debug|Win32.ActiveCfg = Debug|x86
		{507242C0-88E3-4FED-B7E8-BF64C80F00BE}.Debug|x86.ActiveCfg = Debug|x86
		{507242C0-88E3-4FED-B7E8-BF64C80F00BE}.Debug|x86.Build.0 = Debug|x86
		{507242C0-88E3-4FED-B7E8-BF64C80F00BE}.Release|Any CPU.ActiveCfg = Release|x86
		{507242C0-88E3-4FED-B7E8-BF64C80F00BE}.Release|Mixed Platforms.ActiveCfg = Release|x86
		{507242C0-88E3-4FED-B7E8-BF64C80F00BE}.Release|Mixed Platforms.Build.0 = Release|x86
		{507242C0-88E3-4FED-B7E8-BF64C80F00BE}.Release|Win32.ActiveCfg = Release|x86
		{507242C0-88E3-4FED-B7E8-BF64C80F00BE}.Release|x86.ActiveCfg = Release|x86
		{507242C0-88E3-4FED-B7E8-BF64C80F00BE}.Release|x86.Build.0 = Release|x86
		{50D172FC-3FF0-4AD8-9E5F-3F641BA6745A}.Debug|Any CPU.ActiveCfg = Debug|x86
		{50D172FC-3FF0-4AD8-9E5F-3F641BA6745A}.Debug|Mixed Platforms.ActiveCfg = Debug|x86
		{50D172FC-3FF0-4AD8-9E5F-3F641BA6745A}.Debug|Mixed Platforms.Build.0 = Debug|x86
		{50D172FC-3FF0-4AD8-9E5F-3F641BA6745A}.Debug|Win32.ActiveCfg = Debug|x86
		{50D172FC-3FF0-4AD8-9E5F-3F641BA6745A}.Debug|x86.ActiveCfg = Debug|x86
		{50D172FC-3FF0-4AD8-9E5F-3F641BA6745A}.Debug|x86.Build.0 = Debug|x86
		{50D172FC-3FF0-4AD8-9E5F-3F641BA6745A}.Release|Any CPU.ActiveCfg = Release|x86
		{50D172FC-3FF0-4AD8-9E5F-3F641BA6745A}.Release|Mixed Platforms.ActiveCfg = Release|x86
		{50D172FC-3FF0-4AD8-9E5F-3F641BA6745A}.Release|Mixed Platforms.Build.0 = Release|x86
		{50D172FC-3FF0-4AD8-9E5F-3F641BA6745A}.Release|Win32.ActiveCfg = Release|x86
		{50D172FC-3FF0-4AD8-9E5F-3F641BA6745A}.Release|x86.ActiveCfg = Release|x86
		{50D172FC-3FF0-4AD8-9E5F-3F641BA6745A}.Release|x86.Build.0 = Release|x86
		{5533E88B-186F-4BB6-847C-6133EE85F21E}.Debug|Any CPU.ActiveCfg = Debug|x86
		{5533E88B-186F-4BB6-847C-6133EE85F21E}.Debug|Any CPU.Build.0 = Debug|x86
		{5533E88B-186F-4BB6-847C-6133EE85F21E}.Debug|Mixed Platforms.ActiveCfg = Debug|x86
		{5533E88B-186F-4BB6-847C-6133EE85F21E}.Debug|Mixed Platforms.Build.0 = Debug|x86
		{5533E88B-186F-4BB6-847C-6133EE85F21E}.Debug|Win32.ActiveCfg = Debug|x86
		{5533E88B-186F-4BB6-847C-6133EE85F21E}.Debug|Win32.Build.0 = Debug|x86
		{5533E88B-186F-4BB6-847C-6133EE85F21E}.Debug|x86.ActiveCfg = Debug|x86
		{5533E88B-186F-4BB6-847C-6133EE85F21E}.Debug|x86.Build.0 = Debug|x86
		{5533E88B-186F-4BB6-847C-6133EE85F21E}.Release|Any CPU.ActiveCfg = Release|x86
		{5533E88B-186F-4BB6-847C-6133EE85F21E}.Release|Any CPU.Build.0 = Release|x86
		{5533E88B-186F-4BB6-847C-6133EE85F21E}.Release|Mixed Platforms.ActiveCfg = Release|x86
		{5533E88B-186F-4BB6-847C-6133EE85F21E}.Release|Mixed Platforms.Build.0 = Release|x86
		{5533E88B-186F-4BB6-847C-6133EE85F21E}.Release|Win32.ActiveCfg = Release|x86
		{5533E88B-186F-4BB6-847C-6133EE85F21E}.Release|Win32.Build.0 = Release|x86
		{5533E88B-186F-4BB6-847C-6133EE85F21E}.Release|x86.ActiveCfg = Release|x86
		{5533E88B-186F-4BB6-847C-6133EE85F21E}.Release|x86.Build.0 = Release|x86
		{5B700CF7-F0CC-4AF1-B565-9ED7F40302C5}.Debug|Any CPU.ActiveCfg = Debug|Any CPU
		{5B700CF7-F0CC-4AF1-B565-9ED7F40302C5}.Debug|Any CPU.Build.0 = Debug|Any CPU
		{5B700CF7-F0CC-4AF1-B565-9ED7F40302C5}.Debug|Mixed Platforms.ActiveCfg = Debug|Any CPU
		{5B700CF7-F0CC-4AF1-B565-9ED7F40302C5}.Debug|Mixed Platforms.Build.0 = Debug|Any CPU
		{5B700CF7-F0CC-4AF1-B565-9ED7F40302C5}.Debug|Win32.ActiveCfg = Debug|Any CPU
		{5B700CF7-F0CC-4AF1-B565-9ED7F40302C5}.Debug|x86.ActiveCfg = Debug|Any CPU
		{5B700CF7-F0CC-4AF1-B565-9ED7F40302C5}.Release|Any CPU.ActiveCfg = Release|Any CPU
		{5B700CF7-F0CC-4AF1-B565-9ED7F40302C5}.Release|Any CPU.Build.0 = Release|Any CPU
		{5B700CF7-F0CC-4AF1-B565-9ED7F40302C5}.Release|Mixed Platforms.ActiveCfg = Release|Any CPU
		{5B700CF7-F0CC-4AF1-B565-9ED7F40302C5}.Release|Mixed Platforms.Build.0 = Release|Any CPU
		{5B700CF7-F0CC-4AF1-B565-9ED7F40302C5}.Release|Win32.ActiveCfg = Release|Any CPU
		{5B700CF7-F0CC-4AF1-B565-9ED7F40302C5}.Release|x86.ActiveCfg = Release|Any CPU
		{6510EB83-837B-417B-A8B6-A34E5102A011}.Debug|Any CPU.ActiveCfg = Debug|Any CPU
		{6510EB83-837B-417B-A8B6-A34E5102A011}.Debug|Any CPU.Build.0 = Debug|Any CPU
		{6510EB83-837B-417B-A8B6-A34E5102A011}.Debug|Mixed Platforms.ActiveCfg = Debug|Any CPU
		{6510EB83-837B-417B-A8B6-A34E5102A011}.Debug|Mixed Platforms.Build.0 = Debug|Any CPU
		{6510EB83-837B-417B-A8B6-A34E5102A011}.Debug|Win32.ActiveCfg = Debug|Any CPU
		{6510EB83-837B-417B-A8B6-A34E5102A011}.Debug|Win32.Build.0 = Debug|Any CPU
		{6510EB83-837B-417B-A8B6-A34E5102A011}.Debug|x86.ActiveCfg = Debug|Any CPU
		{6510EB83-837B-417B-A8B6-A34E5102A011}.Debug|x86.Build.0 = Debug|Any CPU
		{6510EB83-837B-417B-A8B6-A34E5102A011}.Release|Any CPU.ActiveCfg = Release|Any CPU
		{6510EB83-837B-417B-A8B6-A34E5102A011}.Release|Any CPU.Build.0 = Release|Any CPU
		{6510EB83-837B-417B-A8B6-A34E5102A011}.Release|Mixed Platforms.ActiveCfg = Release|Any CPU
		{6510EB83-837B-417B-A8B6-A34E5102A011}.Release|Mixed Platforms.Build.0 = Release|Any CPU
		{6510EB83-837B-417B-A8B6-A34E5102A011}.Release|Win32.ActiveCfg = Release|Any CPU
		{6510EB83-837B-417B-A8B6-A34E5102A011}.Release|Win32.Build.0 = Release|Any CPU
		{6510EB83-837B-417B-A8B6-A34E5102A011}.Release|x86.ActiveCfg = Release|Any CPU
		{6510EB83-837B-417B-A8B6-A34E5102A011}.Release|x86.Build.0 = Release|Any CPU
		{69787993-8CC1-4DCE-92B1-36FDE08BDB28}.Debug|Any CPU.ActiveCfg = Debug|Any CPU
		{69787993-8CC1-4DCE-92B1-36FDE08BDB28}.Debug|Any CPU.Build.0 = Debug|Any CPU
		{69787993-8CC1-4DCE-92B1-36FDE08BDB28}.Debug|Mixed Platforms.ActiveCfg = Debug|Any CPU
		{69787993-8CC1-4DCE-92B1-36FDE08BDB28}.Debug|Mixed Platforms.Build.0 = Debug|Any CPU
		{69787993-8CC1-4DCE-92B1-36FDE08BDB28}.Debug|Win32.ActiveCfg = Debug|Any CPU
		{69787993-8CC1-4DCE-92B1-36FDE08BDB28}.Debug|Win32.Build.0 = Debug|Any CPU
		{69787993-8CC1-4DCE-92B1-36FDE08BDB28}.Debug|x86.ActiveCfg = Debug|Any CPU
		{69787993-8CC1-4DCE-92B1-36FDE08BDB28}.Debug|x86.Build.0 = Debug|Any CPU
		{69787993-8CC1-4DCE-92B1-36FDE08BDB28}.Release|Any CPU.ActiveCfg = Release|Any CPU
		{69787993-8CC1-4DCE-92B1-36FDE08BDB28}.Release|Any CPU.Build.0 = Release|Any CPU
		{69787993-8CC1-4DCE-92B1-36FDE08BDB28}.Release|Mixed Platforms.ActiveCfg = Release|Any CPU
		{69787993-8CC1-4DCE-92B1-36FDE08BDB28}.Release|Mixed Platforms.Build.0 = Release|Any CPU
		{69787993-8CC1-4DCE-92B1-36FDE08BDB28}.Release|Win32.ActiveCfg = Release|Any CPU
		{69787993-8CC1-4DCE-92B1-36FDE08BDB28}.Release|Win32.Build.0 = Release|Any CPU
		{69787993-8CC1-4DCE-92B1-36FDE08BDB28}.Release|x86.ActiveCfg = Release|Any CPU
		{69787993-8CC1-4DCE-92B1-36FDE08BDB28}.Release|x86.Build.0 = Release|Any CPU
		{6C1723D5-82E1-42AB-8436-494C80B6BDEC}.Debug|Any CPU.ActiveCfg = Debug|Any CPU
		{6C1723D5-82E1-42AB-8436-494C80B6BDEC}.Debug|Any CPU.Build.0 = Debug|Any CPU
		{6C1723D5-82E1-42AB-8436-494C80B6BDEC}.Debug|Mixed Platforms.ActiveCfg = Debug|Any CPU
		{6C1723D5-82E1-42AB-8436-494C80B6BDEC}.Debug|Mixed Platforms.Build.0 = Debug|Any CPU
		{6C1723D5-82E1-42AB-8436-494C80B6BDEC}.Debug|Win32.ActiveCfg = Debug|Any CPU
		{6C1723D5-82E1-42AB-8436-494C80B6BDEC}.Debug|Win32.Build.0 = Debug|Any CPU
		{6C1723D5-82E1-42AB-8436-494C80B6BDEC}.Debug|x86.ActiveCfg = Debug|Any CPU
		{6C1723D5-82E1-42AB-8436-494C80B6BDEC}.Debug|x86.Build.0 = Debug|Any CPU
		{6C1723D5-82E1-42AB-8436-494C80B6BDEC}.Release|Any CPU.ActiveCfg = Release|Any CPU
		{6C1723D5-82E1-42AB-8436-494C80B6BDEC}.Release|Any CPU.Build.0 = Release|Any CPU
		{6C1723D5-82E1-42AB-8436-494C80B6BDEC}.Release|Mixed Platforms.ActiveCfg = Release|Any CPU
		{6C1723D5-82E1-42AB-8436-494C80B6BDEC}.Release|Mixed Platforms.Build.0 = Release|Any CPU
		{6C1723D5-82E1-42AB-8436-494C80B6BDEC}.Release|Win32.ActiveCfg = Release|Any CPU
		{6C1723D5-82E1-42AB-8436-494C80B6BDEC}.Release|Win32.Build.0 = Release|Any CPU
		{6C1723D5-82E1-42AB-8436-494C80B6BDEC}.Release|x86.ActiveCfg = Release|Any CPU
		{6C1723D5-82E1-42AB-8436-494C80B6BDEC}.Release|x86.Build.0 = Release|Any CPU
		{71497619-E95D-44EC-9ADA-B8719D71DC0E}.Debug|Any CPU.ActiveCfg = Debug|Any CPU
		{71497619-E95D-44EC-9ADA-B8719D71DC0E}.Debug|Any CPU.Build.0 = Debug|Any CPU
		{71497619-E95D-44EC-9ADA-B8719D71DC0E}.Debug|Mixed Platforms.ActiveCfg = Debug|Any CPU
		{71497619-E95D-44EC-9ADA-B8719D71DC0E}.Debug|Mixed Platforms.Build.0 = Debug|Any CPU
		{71497619-E95D-44EC-9ADA-B8719D71DC0E}.Debug|Win32.ActiveCfg = Debug|Any CPU
		{71497619-E95D-44EC-9ADA-B8719D71DC0E}.Debug|x86.ActiveCfg = Debug|Any CPU
		{71497619-E95D-44EC-9ADA-B8719D71DC0E}.Release|Any CPU.ActiveCfg = Release|Any CPU
		{71497619-E95D-44EC-9ADA-B8719D71DC0E}.Release|Any CPU.Build.0 = Release|Any CPU
		{71497619-E95D-44EC-9ADA-B8719D71DC0E}.Release|Mixed Platforms.ActiveCfg = Release|Any CPU
		{71497619-E95D-44EC-9ADA-B8719D71DC0E}.Release|Mixed Platforms.Build.0 = Release|Any CPU
		{71497619-E95D-44EC-9ADA-B8719D71DC0E}.Release|Win32.ActiveCfg = Release|Any CPU
		{71497619-E95D-44EC-9ADA-B8719D71DC0E}.Release|x86.ActiveCfg = Release|Any CPU
		{7B8B0F52-E3F6-4F13-8A22-7C6229A71447}.Debug|Any CPU.ActiveCfg = Debug|Any CPU
		{7B8B0F52-E3F6-4F13-8A22-7C6229A71447}.Debug|Any CPU.Build.0 = Debug|Any CPU
		{7B8B0F52-E3F6-4F13-8A22-7C6229A71447}.Debug|Mixed Platforms.ActiveCfg = Debug|Any CPU
		{7B8B0F52-E3F6-4F13-8A22-7C6229A71447}.Debug|Mixed Platforms.Build.0 = Debug|Any CPU
		{7B8B0F52-E3F6-4F13-8A22-7C6229A71447}.Debug|Win32.ActiveCfg = Debug|Any CPU
		{7B8B0F52-E3F6-4F13-8A22-7C6229A71447}.Debug|Win32.Build.0 = Debug|Any CPU
		{7B8B0F52-E3F6-4F13-8A22-7C6229A71447}.Debug|x86.ActiveCfg = Debug|Any CPU
		{7B8B0F52-E3F6-4F13-8A22-7C6229A71447}.Debug|x86.Build.0 = Debug|Any CPU
		{7B8B0F52-E3F6-4F13-8A22-7C6229A71447}.Release|Any CPU.ActiveCfg = Release|Any CPU
		{7B8B0F52-E3F6-4F13-8A22-7C6229A71447}.Release|Any CPU.Build.0 = Release|Any CPU
		{7B8B0F52-E3F6-4F13-8A22-7C6229A71447}.Release|Mixed Platforms.ActiveCfg = Release|Any CPU
		{7B8B0F52-E3F6-4F13-8A22-7C6229A71447}.Release|Mixed Platforms.Build.0 = Release|Any CPU
		{7B8B0F52-E3F6-4F13-8A22-7C6229A71447}.Release|Win32.ActiveCfg = Release|Any CPU
		{7B8B0F52-E3F6-4F13-8A22-7C6229A71447}.Release|Win32.Build.0 = Release|Any CPU
		{7B8B0F52-E3F6-4F13-8A22-7C6229A71447}.Release|x86.ActiveCfg = Release|Any CPU
		{7B8B0F52-E3F6-4F13-8A22-7C6229A71447}.Release|x86.Build.0 = Release|Any CPU
		{7FF311B6-5B1F-4572-9F2B-D4215127F09C}.Debug|Any CPU.ActiveCfg = Debug|Any CPU
		{7FF311B6-5B1F-4572-9F2B-D4215127F09C}.Debug|Any CPU.Build.0 = Debug|Any CPU
		{7FF311B6-5B1F-4572-9F2B-D4215127F09C}.Debug|Mixed Platforms.ActiveCfg = Debug|Any CPU
		{7FF311B6-5B1F-4572-9F2B-D4215127F09C}.Debug|Mixed Platforms.Build.0 = Debug|Any CPU
		{7FF311B6-5B1F-4572-9F2B-D4215127F09C}.Debug|Win32.ActiveCfg = Debug|Any CPU
		{7FF311B6-5B1F-4572-9F2B-D4215127F09C}.Debug|Win32.Build.0 = Debug|Any CPU
		{7FF311B6-5B1F-4572-9F2B-D4215127F09C}.Debug|x86.ActiveCfg = Debug|Any CPU
		{7FF311B6-5B1F-4572-9F2B-D4215127F09C}.Debug|x86.Build.0 = Debug|Any CPU
		{7FF311B6-5B1F-4572-9F2B-D4215127F09C}.Release|Any CPU.ActiveCfg = Release|Any CPU
		{7FF311B6-5B1F-4572-9F2B-D4215127F09C}.Release|Any CPU.Build.0 = Release|Any CPU
		{7FF311B6-5B1F-4572-9F2B-D4215127F09C}.Release|Mixed Platforms.ActiveCfg = Release|Any CPU
		{7FF311B6-5B1F-4572-9F2B-D4215127F09C}.Release|Mixed Platforms.Build.0 = Release|Any CPU
		{7FF311B6-5B1F-4572-9F2B-D4215127F09C}.Release|Win32.ActiveCfg = Release|Any CPU
		{7FF311B6-5B1F-4572-9F2B-D4215127F09C}.Release|Win32.Build.0 = Release|Any CPU
		{7FF311B6-5B1F-4572-9F2B-D4215127F09C}.Release|x86.ActiveCfg = Release|Any CPU
		{7FF311B6-5B1F-4572-9F2B-D4215127F09C}.Release|x86.Build.0 = Release|Any CPU
		{813CA4F8-7D52-4FB7-A05A-A799F6B4CBB1}.Debug|Any CPU.ActiveCfg = Debug|x86
		{813CA4F8-7D52-4FB7-A05A-A799F6B4CBB1}.Debug|Any CPU.Build.0 = Debug|x86
		{813CA4F8-7D52-4FB7-A05A-A799F6B4CBB1}.Debug|Mixed Platforms.ActiveCfg = Debug|x86
		{813CA4F8-7D52-4FB7-A05A-A799F6B4CBB1}.Debug|Mixed Platforms.Build.0 = Debug|x86
		{813CA4F8-7D52-4FB7-A05A-A799F6B4CBB1}.Debug|Win32.ActiveCfg = Debug|x86
		{813CA4F8-7D52-4FB7-A05A-A799F6B4CBB1}.Debug|Win32.Build.0 = Debug|x86
		{813CA4F8-7D52-4FB7-A05A-A799F6B4CBB1}.Debug|x86.ActiveCfg = Debug|x86
		{813CA4F8-7D52-4FB7-A05A-A799F6B4CBB1}.Debug|x86.Build.0 = Debug|x86
		{813CA4F8-7D52-4FB7-A05A-A799F6B4CBB1}.Release|Any CPU.ActiveCfg = Release|x86
		{813CA4F8-7D52-4FB7-A05A-A799F6B4CBB1}.Release|Any CPU.Build.0 = Release|x86
		{813CA4F8-7D52-4FB7-A05A-A799F6B4CBB1}.Release|Mixed Platforms.ActiveCfg = Release|x86
		{813CA4F8-7D52-4FB7-A05A-A799F6B4CBB1}.Release|Mixed Platforms.Build.0 = Release|x86
		{813CA4F8-7D52-4FB7-A05A-A799F6B4CBB1}.Release|Win32.ActiveCfg = Release|x86
		{813CA4F8-7D52-4FB7-A05A-A799F6B4CBB1}.Release|Win32.Build.0 = Release|x86
		{813CA4F8-7D52-4FB7-A05A-A799F6B4CBB1}.Release|x86.ActiveCfg = Release|x86
		{813CA4F8-7D52-4FB7-A05A-A799F6B4CBB1}.Release|x86.Build.0 = Release|x86
		{814BCA67-3A87-42D2-810D-0DEEE84121A7}.Debug|Any CPU.ActiveCfg = Debug|Any CPU
		{814BCA67-3A87-42D2-810D-0DEEE84121A7}.Debug|Any CPU.Build.0 = Debug|Any CPU
		{814BCA67-3A87-42D2-810D-0DEEE84121A7}.Debug|Mixed Platforms.ActiveCfg = Debug|Any CPU
		{814BCA67-3A87-42D2-810D-0DEEE84121A7}.Debug|Mixed Platforms.Build.0 = Debug|Any CPU
		{814BCA67-3A87-42D2-810D-0DEEE84121A7}.Debug|Win32.ActiveCfg = Debug|Any CPU
		{814BCA67-3A87-42D2-810D-0DEEE84121A7}.Debug|Win32.Build.0 = Debug|Any CPU
		{814BCA67-3A87-42D2-810D-0DEEE84121A7}.Debug|x86.ActiveCfg = Debug|Any CPU
		{814BCA67-3A87-42D2-810D-0DEEE84121A7}.Debug|x86.Build.0 = Debug|Any CPU
		{814BCA67-3A87-42D2-810D-0DEEE84121A7}.Release|Any CPU.ActiveCfg = Release|Any CPU
		{814BCA67-3A87-42D2-810D-0DEEE84121A7}.Release|Any CPU.Build.0 = Release|Any CPU
		{814BCA67-3A87-42D2-810D-0DEEE84121A7}.Release|Mixed Platforms.ActiveCfg = Release|Any CPU
		{814BCA67-3A87-42D2-810D-0DEEE84121A7}.Release|Mixed Platforms.Build.0 = Release|Any CPU
		{814BCA67-3A87-42D2-810D-0DEEE84121A7}.Release|Win32.ActiveCfg = Release|Any CPU
		{814BCA67-3A87-42D2-810D-0DEEE84121A7}.Release|Win32.Build.0 = Release|Any CPU
		{814BCA67-3A87-42D2-810D-0DEEE84121A7}.Release|x86.ActiveCfg = Release|Any CPU
		{814BCA67-3A87-42D2-810D-0DEEE84121A7}.Release|x86.Build.0 = Release|Any CPU
		{91F1FE4D-7C89-41EC-80E2-AD77B76F681B}.Debug|Any CPU.ActiveCfg = Debug|Any CPU
		{91F1FE4D-7C89-41EC-80E2-AD77B76F681B}.Debug|Any CPU.Build.0 = Debug|Any CPU
		{91F1FE4D-7C89-41EC-80E2-AD77B76F681B}.Debug|Mixed Platforms.ActiveCfg = Debug|Any CPU
		{91F1FE4D-7C89-41EC-80E2-AD77B76F681B}.Debug|Mixed Platforms.Build.0 = Debug|Any CPU
		{91F1FE4D-7C89-41EC-80E2-AD77B76F681B}.Debug|Win32.ActiveCfg = Debug|Any CPU
		{91F1FE4D-7C89-41EC-80E2-AD77B76F681B}.Debug|x86.ActiveCfg = Debug|Any CPU
		{91F1FE4D-7C89-41EC-80E2-AD77B76F681B}.Release|Any CPU.ActiveCfg = Release|Any CPU
		{91F1FE4D-7C89-41EC-80E2-AD77B76F681B}.Release|Any CPU.Build.0 = Release|Any CPU
		{91F1FE4D-7C89-41EC-80E2-AD77B76F681B}.Release|Mixed Platforms.ActiveCfg = Release|Any CPU
		{91F1FE4D-7C89-41EC-80E2-AD77B76F681B}.Release|Mixed Platforms.Build.0 = Release|Any CPU
		{91F1FE4D-7C89-41EC-80E2-AD77B76F681B}.Release|Win32.ActiveCfg = Release|Any CPU
		{91F1FE4D-7C89-41EC-80E2-AD77B76F681B}.Release|x86.ActiveCfg = Release|Any CPU
		{92AEA47F-0639-4396-B676-76D88B38C815}.Debug|Any CPU.ActiveCfg = Debug|Any CPU
		{92AEA47F-0639-4396-B676-76D88B38C815}.Debug|Any CPU.Build.0 = Debug|Any CPU
		{92AEA47F-0639-4396-B676-76D88B38C815}.Debug|Mixed Platforms.ActiveCfg = Debug|Any CPU
		{92AEA47F-0639-4396-B676-76D88B38C815}.Debug|Mixed Platforms.Build.0 = Debug|Any CPU
		{92AEA47F-0639-4396-B676-76D88B38C815}.Debug|Win32.ActiveCfg = Debug|Any CPU
		{92AEA47F-0639-4396-B676-76D88B38C815}.Debug|x86.ActiveCfg = Debug|Any CPU
		{92AEA47F-0639-4396-B676-76D88B38C815}.Release|Any CPU.ActiveCfg = Release|Any CPU
		{92AEA47F-0639-4396-B676-76D88B38C815}.Release|Any CPU.Build.0 = Release|Any CPU
		{92AEA47F-0639-4396-B676-76D88B38C815}.Release|Mixed Platforms.ActiveCfg = Release|Any CPU
		{92AEA47F-0639-4396-B676-76D88B38C815}.Release|Mixed Platforms.Build.0 = Release|Any CPU
		{92AEA47F-0639-4396-B676-76D88B38C815}.Release|Win32.ActiveCfg = Release|Any CPU
		{92AEA47F-0639-4396-B676-76D88B38C815}.Release|x86.ActiveCfg = Release|Any CPU
		{934E7038-CA1F-4700-81BB-E6929602644B}.Debug|Any CPU.ActiveCfg = Debug|Any CPU
		{934E7038-CA1F-4700-81BB-E6929602644B}.Debug|Any CPU.Build.0 = Debug|Any CPU
		{934E7038-CA1F-4700-81BB-E6929602644B}.Debug|Mixed Platforms.ActiveCfg = Debug|Any CPU
		{934E7038-CA1F-4700-81BB-E6929602644B}.Debug|Mixed Platforms.Build.0 = Debug|Any CPU
		{934E7038-CA1F-4700-81BB-E6929602644B}.Debug|Win32.ActiveCfg = Debug|Any CPU
		{934E7038-CA1F-4700-81BB-E6929602644B}.Debug|Win32.Build.0 = Debug|Any CPU
		{934E7038-CA1F-4700-81BB-E6929602644B}.Debug|x86.ActiveCfg = Debug|Any CPU
		{934E7038-CA1F-4700-81BB-E6929602644B}.Debug|x86.Build.0 = Debug|Any CPU
		{934E7038-CA1F-4700-81BB-E6929602644B}.Release|Any CPU.ActiveCfg = Release|Any CPU
		{934E7038-CA1F-4700-81BB-E6929602644B}.Release|Any CPU.Build.0 = Release|Any CPU
		{934E7038-CA1F-4700-81BB-E6929602644B}.Release|Mixed Platforms.ActiveCfg = Release|Any CPU
		{934E7038-CA1F-4700-81BB-E6929602644B}.Release|Mixed Platforms.Build.0 = Release|Any CPU
		{934E7038-CA1F-4700-81BB-E6929602644B}.Release|Win32.ActiveCfg = Release|Any CPU
		{934E7038-CA1F-4700-81BB-E6929602644B}.Release|Win32.Build.0 = Release|Any CPU
		{934E7038-CA1F-4700-81BB-E6929602644B}.Release|x86.ActiveCfg = Release|Any CPU
		{934E7038-CA1F-4700-81BB-E6929602644B}.Release|x86.Build.0 = Release|Any CPU
		{9581ADFD-2883-4466-B31D-33D0ECF37F01}.Debug|Any CPU.ActiveCfg = Debug|Any CPU
		{9581ADFD-2883-4466-B31D-33D0ECF37F01}.Debug|Any CPU.Build.0 = Debug|Any CPU
		{9581ADFD-2883-4466-B31D-33D0ECF37F01}.Debug|Mixed Platforms.ActiveCfg = Debug|Any CPU
		{9581ADFD-2883-4466-B31D-33D0ECF37F01}.Debug|Mixed Platforms.Build.0 = Debug|Any CPU
		{9581ADFD-2883-4466-B31D-33D0ECF37F01}.Debug|Win32.ActiveCfg = Debug|Any CPU
		{9581ADFD-2883-4466-B31D-33D0ECF37F01}.Debug|x86.ActiveCfg = Debug|Any CPU
		{9581ADFD-2883-4466-B31D-33D0ECF37F01}.Release|Any CPU.ActiveCfg = Release|Any CPU
		{9581ADFD-2883-4466-B31D-33D0ECF37F01}.Release|Any CPU.Build.0 = Release|Any CPU
		{9581ADFD-2883-4466-B31D-33D0ECF37F01}.Release|Mixed Platforms.ActiveCfg = Release|Any CPU
		{9581ADFD-2883-4466-B31D-33D0ECF37F01}.Release|Mixed Platforms.Build.0 = Release|Any CPU
		{9581ADFD-2883-4466-B31D-33D0ECF37F01}.Release|Win32.ActiveCfg = Release|Any CPU
		{9581ADFD-2883-4466-B31D-33D0ECF37F01}.Release|x86.ActiveCfg = Release|Any CPU
		{97AE3F8A-1E13-4199-96AE-761E154BC75B}.Debug|Any CPU.ActiveCfg = Debug|Any CPU
		{97AE3F8A-1E13-4199-96AE-761E154BC75B}.Debug|Any CPU.Build.0 = Debug|Any CPU
		{97AE3F8A-1E13-4199-96AE-761E154BC75B}.Debug|Mixed Platforms.ActiveCfg = Debug|Any CPU
		{97AE3F8A-1E13-4199-96AE-761E154BC75B}.Debug|Mixed Platforms.Build.0 = Debug|Any CPU
		{97AE3F8A-1E13-4199-96AE-761E154BC75B}.Debug|Win32.ActiveCfg = Debug|Any CPU
		{97AE3F8A-1E13-4199-96AE-761E154BC75B}.Debug|Win32.Build.0 = Debug|Any CPU
		{97AE3F8A-1E13-4199-96AE-761E154BC75B}.Debug|x86.ActiveCfg = Debug|Any CPU
		{97AE3F8A-1E13-4199-96AE-761E154BC75B}.Debug|x86.Build.0 = Debug|Any CPU
		{97AE3F8A-1E13-4199-96AE-761E154BC75B}.Release|Any CPU.ActiveCfg = Release|Any CPU
		{97AE3F8A-1E13-4199-96AE-761E154BC75B}.Release|Any CPU.Build.0 = Release|Any CPU
		{97AE3F8A-1E13-4199-96AE-761E154BC75B}.Release|Mixed Platforms.ActiveCfg = Release|Any CPU
		{97AE3F8A-1E13-4199-96AE-761E154BC75B}.Release|Mixed Platforms.Build.0 = Release|Any CPU
		{97AE3F8A-1E13-4199-96AE-761E154BC75B}.Release|Win32.ActiveCfg = Release|Any CPU
		{97AE3F8A-1E13-4199-96AE-761E154BC75B}.Release|Win32.Build.0 = Release|Any CPU
		{97AE3F8A-1E13-4199-96AE-761E154BC75B}.Release|x86.ActiveCfg = Release|Any CPU
		{97AE3F8A-1E13-4199-96AE-761E154BC75B}.Release|x86.Build.0 = Release|Any CPU
		{994EE7A0-E2B0-417D-A191-0E2B4868E798}.Debug|Any CPU.ActiveCfg = Debug|Any CPU
		{994EE7A0-E2B0-417D-A191-0E2B4868E798}.Debug|Any CPU.Build.0 = Debug|Any CPU
		{994EE7A0-E2B0-417D-A191-0E2B4868E798}.Debug|Mixed Platforms.ActiveCfg = Debug|Any CPU
		{994EE7A0-E2B0-417D-A191-0E2B4868E798}.Debug|Mixed Platforms.Build.0 = Debug|Any CPU
		{994EE7A0-E2B0-417D-A191-0E2B4868E798}.Debug|Win32.ActiveCfg = Debug|Any CPU
		{994EE7A0-E2B0-417D-A191-0E2B4868E798}.Debug|Win32.Build.0 = Debug|Any CPU
		{994EE7A0-E2B0-417D-A191-0E2B4868E798}.Debug|x86.ActiveCfg = Debug|Any CPU
		{994EE7A0-E2B0-417D-A191-0E2B4868E798}.Debug|x86.Build.0 = Debug|Any CPU
		{994EE7A0-E2B0-417D-A191-0E2B4868E798}.Release|Any CPU.ActiveCfg = Release|Any CPU
		{994EE7A0-E2B0-417D-A191-0E2B4868E798}.Release|Any CPU.Build.0 = Release|Any CPU
		{994EE7A0-E2B0-417D-A191-0E2B4868E798}.Release|Mixed Platforms.ActiveCfg = Release|Any CPU
		{994EE7A0-E2B0-417D-A191-0E2B4868E798}.Release|Mixed Platforms.Build.0 = Release|Any CPU
		{994EE7A0-E2B0-417D-A191-0E2B4868E798}.Release|Win32.ActiveCfg = Release|Any CPU
		{994EE7A0-E2B0-417D-A191-0E2B4868E798}.Release|Win32.Build.0 = Release|Any CPU
		{994EE7A0-E2B0-417D-A191-0E2B4868E798}.Release|x86.ActiveCfg = Release|Any CPU
		{994EE7A0-E2B0-417D-A191-0E2B4868E798}.Release|x86.Build.0 = Release|Any CPU
		{ADD4A3E7-FD1A-4C78-A0B2-031DC9F924C4}.Debug|Any CPU.ActiveCfg = Debug|Any CPU
		{ADD4A3E7-FD1A-4C78-A0B2-031DC9F924C4}.Debug|Any CPU.Build.0 = Debug|Any CPU
		{ADD4A3E7-FD1A-4C78-A0B2-031DC9F924C4}.Debug|Mixed Platforms.ActiveCfg = Debug|Any CPU
		{ADD4A3E7-FD1A-4C78-A0B2-031DC9F924C4}.Debug|Mixed Platforms.Build.0 = Debug|Any CPU
		{ADD4A3E7-FD1A-4C78-A0B2-031DC9F924C4}.Debug|Win32.ActiveCfg = Debug|Any CPU
		{ADD4A3E7-FD1A-4C78-A0B2-031DC9F924C4}.Debug|Win32.Build.0 = Debug|Any CPU
		{ADD4A3E7-FD1A-4C78-A0B2-031DC9F924C4}.Debug|x86.ActiveCfg = Debug|Any CPU
		{ADD4A3E7-FD1A-4C78-A0B2-031DC9F924C4}.Debug|x86.Build.0 = Debug|Any CPU
		{ADD4A3E7-FD1A-4C78-A0B2-031DC9F924C4}.Release|Any CPU.ActiveCfg = Release|Any CPU
		{ADD4A3E7-FD1A-4C78-A0B2-031DC9F924C4}.Release|Any CPU.Build.0 = Release|Any CPU
		{ADD4A3E7-FD1A-4C78-A0B2-031DC9F924C4}.Release|Mixed Platforms.ActiveCfg = Release|Any CPU
		{ADD4A3E7-FD1A-4C78-A0B2-031DC9F924C4}.Release|Mixed Platforms.Build.0 = Release|Any CPU
		{ADD4A3E7-FD1A-4C78-A0B2-031DC9F924C4}.Release|Win32.ActiveCfg = Release|Any CPU
		{ADD4A3E7-FD1A-4C78-A0B2-031DC9F924C4}.Release|Win32.Build.0 = Release|Any CPU
		{ADD4A3E7-FD1A-4C78-A0B2-031DC9F924C4}.Release|x86.ActiveCfg = Release|Any CPU
		{ADD4A3E7-FD1A-4C78-A0B2-031DC9F924C4}.Release|x86.Build.0 = Release|Any CPU
		{AEF7F9AB-3613-4D03-9FE0-B482A80E795F}.Debug|Any CPU.ActiveCfg = Debug|Any CPU
		{AEF7F9AB-3613-4D03-9FE0-B482A80E795F}.Debug|Any CPU.Build.0 = Debug|Any CPU
		{AEF7F9AB-3613-4D03-9FE0-B482A80E795F}.Debug|Mixed Platforms.ActiveCfg = Debug|Any CPU
		{AEF7F9AB-3613-4D03-9FE0-B482A80E795F}.Debug|Mixed Platforms.Build.0 = Debug|Any CPU
		{AEF7F9AB-3613-4D03-9FE0-B482A80E795F}.Debug|Win32.ActiveCfg = Debug|Any CPU
		{AEF7F9AB-3613-4D03-9FE0-B482A80E795F}.Debug|Win32.Build.0 = Debug|Any CPU
		{AEF7F9AB-3613-4D03-9FE0-B482A80E795F}.Debug|x86.ActiveCfg = Debug|Any CPU
		{AEF7F9AB-3613-4D03-9FE0-B482A80E795F}.Debug|x86.Build.0 = Debug|Any CPU
		{AEF7F9AB-3613-4D03-9FE0-B482A80E795F}.Release|Any CPU.ActiveCfg = Release|Any CPU
		{AEF7F9AB-3613-4D03-9FE0-B482A80E795F}.Release|Any CPU.Build.0 = Release|Any CPU
		{AEF7F9AB-3613-4D03-9FE0-B482A80E795F}.Release|Mixed Platforms.ActiveCfg = Release|Any CPU
		{AEF7F9AB-3613-4D03-9FE0-B482A80E795F}.Release|Mixed Platforms.Build.0 = Release|Any CPU
		{AEF7F9AB-3613-4D03-9FE0-B482A80E795F}.Release|Win32.ActiveCfg = Release|Any CPU
		{AEF7F9AB-3613-4D03-9FE0-B482A80E795F}.Release|Win32.Build.0 = Release|Any CPU
		{AEF7F9AB-3613-4D03-9FE0-B482A80E795F}.Release|x86.ActiveCfg = Release|Any CPU
		{AEF7F9AB-3613-4D03-9FE0-B482A80E795F}.Release|x86.Build.0 = Release|Any CPU
		{C78F0E6C-EADD-46F4-BC4F-60C0DFBB117B}.Debug|Any CPU.ActiveCfg = Debug|Win32
		{C78F0E6C-EADD-46F4-BC4F-60C0DFBB117B}.Debug|Mixed Platforms.ActiveCfg = Debug|Win32
		{C78F0E6C-EADD-46F4-BC4F-60C0DFBB117B}.Debug|Mixed Platforms.Build.0 = Debug|Win32
		{C78F0E6C-EADD-46F4-BC4F-60C0DFBB117B}.Debug|Win32.ActiveCfg = Debug|Win32
		{C78F0E6C-EADD-46F4-BC4F-60C0DFBB117B}.Debug|Win32.Build.0 = Debug|Win32
		{C78F0E6C-EADD-46F4-BC4F-60C0DFBB117B}.Debug|x86.ActiveCfg = Debug|Win32
		{C78F0E6C-EADD-46F4-BC4F-60C0DFBB117B}.Release|Any CPU.ActiveCfg = Release|Win32
		{C78F0E6C-EADD-46F4-BC4F-60C0DFBB117B}.Release|Mixed Platforms.ActiveCfg = Release|Win32
		{C78F0E6C-EADD-46F4-BC4F-60C0DFBB117B}.Release|Mixed Platforms.Build.0 = Release|Win32
		{C78F0E6C-EADD-46F4-BC4F-60C0DFBB117B}.Release|Win32.ActiveCfg = Release|Win32
		{C78F0E6C-EADD-46F4-BC4F-60C0DFBB117B}.Release|Win32.Build.0 = Release|Win32
		{C78F0E6C-EADD-46F4-BC4F-60C0DFBB117B}.Release|x86.ActiveCfg = Release|Win32
		{D36B5073-02EB-4B32-9F4E-18E10803D2AC}.Debug|Any CPU.ActiveCfg = Debug|Any CPU
		{D36B5073-02EB-4B32-9F4E-18E10803D2AC}.Debug|Any CPU.Build.0 = Debug|Any CPU
		{D36B5073-02EB-4B32-9F4E-18E10803D2AC}.Debug|Mixed Platforms.ActiveCfg = Debug|Any CPU
		{D36B5073-02EB-4B32-9F4E-18E10803D2AC}.Debug|Mixed Platforms.Build.0 = Debug|Any CPU
		{D36B5073-02EB-4B32-9F4E-18E10803D2AC}.Debug|Win32.ActiveCfg = Debug|Any CPU
		{D36B5073-02EB-4B32-9F4E-18E10803D2AC}.Debug|Win32.Build.0 = Debug|Any CPU
		{D36B5073-02EB-4B32-9F4E-18E10803D2AC}.Debug|x86.ActiveCfg = Debug|Any CPU
		{D36B5073-02EB-4B32-9F4E-18E10803D2AC}.Debug|x86.Build.0 = Debug|Any CPU
		{D36B5073-02EB-4B32-9F4E-18E10803D2AC}.Release|Any CPU.ActiveCfg = Release|Any CPU
		{D36B5073-02EB-4B32-9F4E-18E10803D2AC}.Release|Any CPU.Build.0 = Release|Any CPU
		{D36B5073-02EB-4B32-9F4E-18E10803D2AC}.Release|Mixed Platforms.ActiveCfg = Release|Any CPU
		{D36B5073-02EB-4B32-9F4E-18E10803D2AC}.Release|Mixed Platforms.Build.0 = Release|Any CPU
		{D36B5073-02EB-4B32-9F4E-18E10803D2AC}.Release|Win32.ActiveCfg = Release|Any CPU
		{D36B5073-02EB-4B32-9F4E-18E10803D2AC}.Release|Win32.Build.0 = Release|Any CPU
		{D36B5073-02EB-4B32-9F4E-18E10803D2AC}.Release|x86.ActiveCfg = Release|Any CPU
		{D36B5073-02EB-4B32-9F4E-18E10803D2AC}.Release|x86.Build.0 = Release|Any CPU
		{ED16C4F2-D32F-489D-9990-E9707EDD8C59}.Debug|Any CPU.ActiveCfg = Debug|Any CPU
		{ED16C4F2-D32F-489D-9990-E9707EDD8C59}.Debug|Any CPU.Build.0 = Debug|Any CPU
		{ED16C4F2-D32F-489D-9990-E9707EDD8C59}.Debug|Mixed Platforms.ActiveCfg = Debug|Any CPU
		{ED16C4F2-D32F-489D-9990-E9707EDD8C59}.Debug|Mixed Platforms.Build.0 = Debug|Any CPU
		{ED16C4F2-D32F-489D-9990-E9707EDD8C59}.Debug|Win32.ActiveCfg = Debug|Any CPU
		{ED16C4F2-D32F-489D-9990-E9707EDD8C59}.Debug|Win32.Build.0 = Debug|Any CPU
		{ED16C4F2-D32F-489D-9990-E9707EDD8C59}.Debug|x86.ActiveCfg = Debug|Any CPU
		{ED16C4F2-D32F-489D-9990-E9707EDD8C59}.Debug|x86.Build.0 = Debug|Any CPU
		{ED16C4F2-D32F-489D-9990-E9707EDD8C59}.Release|Any CPU.ActiveCfg = Release|Any CPU
		{ED16C4F2-D32F-489D-9990-E9707EDD8C59}.Release|Any CPU.Build.0 = Release|Any CPU
		{ED16C4F2-D32F-489D-9990-E9707EDD8C59}.Release|Mixed Platforms.ActiveCfg = Release|Any CPU
		{ED16C4F2-D32F-489D-9990-E9707EDD8C59}.Release|Mixed Platforms.Build.0 = Release|Any CPU
		{ED16C4F2-D32F-489D-9990-E9707EDD8C59}.Release|Win32.ActiveCfg = Release|Any CPU
		{ED16C4F2-D32F-489D-9990-E9707EDD8C59}.Release|Win32.Build.0 = Release|Any CPU
		{ED16C4F2-D32F-489D-9990-E9707EDD8C59}.Release|x86.ActiveCfg = Release|Any CPU
		{ED16C4F2-D32F-489D-9990-E9707EDD8C59}.Release|x86.Build.0 = Release|Any CPU
		{F03E5BBA-C851-47DA-B31C-5B954FD896FD}.Debug|Any CPU.ActiveCfg = Debug|Any CPU
		{F03E5BBA-C851-47DA-B31C-5B954FD896FD}.Debug|Any CPU.Build.0 = Debug|Any CPU
		{F03E5BBA-C851-47DA-B31C-5B954FD896FD}.Debug|Mixed Platforms.ActiveCfg = Debug|Any CPU
		{F03E5BBA-C851-47DA-B31C-5B954FD896FD}.Debug|Mixed Platforms.Build.0 = Debug|Any CPU
		{F03E5BBA-C851-47DA-B31C-5B954FD896FD}.Debug|Win32.ActiveCfg = Debug|Any CPU
		{F03E5BBA-C851-47DA-B31C-5B954FD896FD}.Debug|Win32.Build.0 = Debug|Any CPU
		{F03E5BBA-C851-47DA-B31C-5B954FD896FD}.Debug|x86.ActiveCfg = Debug|Any CPU
		{F03E5BBA-C851-47DA-B31C-5B954FD896FD}.Debug|x86.Build.0 = Debug|Any CPU
		{F03E5BBA-C851-47DA-B31C-5B954FD896FD}.Release|Any CPU.ActiveCfg = Release|Any CPU
		{F03E5BBA-C851-47DA-B31C-5B954FD896FD}.Release|Any CPU.Build.0 = Release|Any CPU
		{F03E5BBA-C851-47DA-B31C-5B954FD896FD}.Release|Mixed Platforms.ActiveCfg = Release|Any CPU
		{F03E5BBA-C851-47DA-B31C-5B954FD896FD}.Release|Mixed Platforms.Build.0 = Release|Any CPU
		{F03E5BBA-C851-47DA-B31C-5B954FD896FD}.Release|Win32.ActiveCfg = Release|Any CPU
		{F03E5BBA-C851-47DA-B31C-5B954FD896FD}.Release|Win32.Build.0 = Release|Any CPU
		{F03E5BBA-C851-47DA-B31C-5B954FD896FD}.Release|x86.ActiveCfg = Release|Any CPU
		{F03E5BBA-C851-47DA-B31C-5B954FD896FD}.Release|x86.Build.0 = Release|Any CPU
	EndGlobalSection
	GlobalSection(NestedProjects) = preSolution
	EndGlobalSection
	GlobalSection(TestCaseManagementSettings) = postSolution
		CategoryFile = GreenZoneFxEAnalyzer.vsmdi
	EndGlobalSection
	GlobalSection(SolutionProperties) = preSolution
		HideSolutionNode = FALSE
	EndGlobalSection
EndGlobal
