
Microsoft Visual Studio Solution File, Format Version 11.00
# Visual Studio 2010
Project("{8BC9CEB8-8B4A-11D0-8D11-00A0C91BC942}") = "EAnalyzer", "mdpanalyzer.vcxproj", "{6192CFB4-13EA-4329-BC4A-B8B285D594E6}"
	ProjectSection(ProjectDependencies) = postProject
		{69787993-8CC1-4DCE-92B1-36FDE08BDB28} = {69787993-8CC1-4DCE-92B1-36FDE08BDB28}
		{ADD4A3E7-FD1A-4C78-A0B2-031DC9F924C4} = {ADD4A3E7-FD1A-4C78-A0B2-031DC9F924C4}
	EndProjectSection
EndProject
Project("{8BC9CEB8-8B4A-11D0-8D11-00A0C91BC942}") = "zsfTraderLib", "..\zsfTraderLib\zsfTraderLib.vcxproj", "{EDCDDB01-74C6-4F55-85D1-D33E2644CF24}"
	ProjectSection(ProjectDependencies) = postProject
		{69787993-8CC1-4DCE-92B1-36FDE08BDB28} = {69787993-8CC1-4DCE-92B1-36FDE08BDB28}
		{ADD4A3E7-FD1A-4C78-A0B2-031DC9F924C4} = {ADD4A3E7-FD1A-4C78-A0B2-031DC9F924C4}
	EndProjectSection
EndProject
Project("{FAE04EC0-301F-11D3-BF4B-00C04F79EFBC}") = "ZipStorer", "..\ZipStorer\ZipStorer.csproj", "{37FAD6B6-13F0-4A58-A342-F82CDC74EF90}"
EndProject
Project("{8BC9CEB8-8B4A-11D0-8D11-00A0C91BC942}") = "BasicUtil", "..\BasicUtil\BasicUtil.vcxproj", "{C05002EE-759A-4BF2-8A5D-6D873A32D3B2}"
	ProjectSection(ProjectDependencies) = postProject
		{69787993-8CC1-4DCE-92B1-36FDE08BDB28} = {69787993-8CC1-4DCE-92B1-36FDE08BDB28}
	EndProjectSection
EndProject
Project("{FAE04EC0-301F-11D3-BF4B-00C04F79EFBC}") = "BasicUtil_CS", "..\BasicUtil_CS\BasicUtil_CS.csproj", "{69787993-8CC1-4DCE-92B1-36FDE08BDB28}"
EndProject
Project("{FAE04EC0-301F-11D3-BF4B-00C04F79EFBC}") = "ZsfTraderLib_CS", "ZsfTraderLib_CS\ZsfTraderLib_CS.csproj", "{ADD4A3E7-FD1A-4C78-A0B2-031DC9F924C4}"
	ProjectSection(ProjectDependencies) = postProject
		{69787993-8CC1-4DCE-92B1-36FDE08BDB28} = {69787993-8CC1-4DCE-92B1-36FDE08BDB28}
		{C05002EE-759A-4BF2-8A5D-6D873A32D3B2} = {C05002EE-759A-4BF2-8A5D-6D873A32D3B2}
	EndProjectSection
EndProject
Project("{FAE04EC0-301F-11D3-BF4B-00C04F79EFBC}") = "EAnalyzer_CS", "EAnalyzer_CS\EAnalyzer_CS.csproj", "{6C1723D5-82E1-42AB-8436-494C80B6BDEC}"
	ProjectSection(ProjectDependencies) = postProject
		{EDCDDB01-74C6-4F55-85D1-D33E2644CF24} = {EDCDDB01-74C6-4F55-85D1-D33E2644CF24}
		{C05002EE-759A-4BF2-8A5D-6D873A32D3B2} = {C05002EE-759A-4BF2-8A5D-6D873A32D3B2}
	EndProjectSection
EndProject
Project("{8BC9CEB8-8B4A-11D0-8D11-00A0C91BC942}") = "EAnalyzerTester", "..\EAnalyzerTester\EAnalyzerTester.vcxproj", "{4A16033F-0EA9-44D5-B682-52D9DFBA11E9}"
	ProjectSection(ProjectDependencies) = postProject
		{EDCDDB01-74C6-4F55-85D1-D33E2644CF24} = {EDCDDB01-74C6-4F55-85D1-D33E2644CF24}
		{69787993-8CC1-4DCE-92B1-36FDE08BDB28} = {69787993-8CC1-4DCE-92B1-36FDE08BDB28}
		{6192CFB4-13EA-4329-BC4A-B8B285D594E6} = {6192CFB4-13EA-4329-BC4A-B8B285D594E6}
		{6C1723D5-82E1-42AB-8436-494C80B6BDEC} = {6C1723D5-82E1-42AB-8436-494C80B6BDEC}
		{ADD4A3E7-FD1A-4C78-A0B2-031DC9F924C4} = {ADD4A3E7-FD1A-4C78-A0B2-031DC9F924C4}
		{C05002EE-759A-4BF2-8A5D-6D873A32D3B2} = {C05002EE-759A-4BF2-8A5D-6D873A32D3B2}
	EndProjectSection
EndProject
Global
	GlobalSection(SolutionConfigurationPlatforms) = preSolution
		Debug|Any CPU = Debug|Any CPU
		Debug|Mixed Platforms = Debug|Mixed Platforms
		Debug|Win32 = Debug|Win32
		Release|Any CPU = Release|Any CPU
		Release|Mixed Platforms = Release|Mixed Platforms
		Release|Win32 = Release|Win32
	EndGlobalSection
	GlobalSection(ProjectConfigurationPlatforms) = postSolution
		{6192CFB4-13EA-4329-BC4A-B8B285D594E6}.Debug|Any CPU.ActiveCfg = Debug|Win32
		{6192CFB4-13EA-4329-BC4A-B8B285D594E6}.Debug|Mixed Platforms.ActiveCfg = Debug|Win32
		{6192CFB4-13EA-4329-BC4A-B8B285D594E6}.Debug|Mixed Platforms.Build.0 = Debug|Win32
		{6192CFB4-13EA-4329-BC4A-B8B285D594E6}.Debug|Win32.ActiveCfg = Debug|Win32
		{6192CFB4-13EA-4329-BC4A-B8B285D594E6}.Debug|Win32.Build.0 = Debug|Win32
		{6192CFB4-13EA-4329-BC4A-B8B285D594E6}.Release|Any CPU.ActiveCfg = Release|Win32
		{6192CFB4-13EA-4329-BC4A-B8B285D594E6}.Release|Mixed Platforms.ActiveCfg = Release|Win32
		{6192CFB4-13EA-4329-BC4A-B8B285D594E6}.Release|Mixed Platforms.Build.0 = Release|Win32
		{6192CFB4-13EA-4329-BC4A-B8B285D594E6}.Release|Win32.ActiveCfg = Release|Win32
		{6192CFB4-13EA-4329-BC4A-B8B285D594E6}.Release|Win32.Build.0 = Release|Win32
		{EDCDDB01-74C6-4F55-85D1-D33E2644CF24}.Debug|Any CPU.ActiveCfg = Debug|Win32
		{EDCDDB01-74C6-4F55-85D1-D33E2644CF24}.Debug|Mixed Platforms.ActiveCfg = Debug|Win32
		{EDCDDB01-74C6-4F55-85D1-D33E2644CF24}.Debug|Mixed Platforms.Build.0 = Debug|Win32
		{EDCDDB01-74C6-4F55-85D1-D33E2644CF24}.Debug|Win32.ActiveCfg = Debug|Win32
		{EDCDDB01-74C6-4F55-85D1-D33E2644CF24}.Debug|Win32.Build.0 = Debug|Win32
		{EDCDDB01-74C6-4F55-85D1-D33E2644CF24}.Release|Any CPU.ActiveCfg = Release|Win32
		{EDCDDB01-74C6-4F55-85D1-D33E2644CF24}.Release|Mixed Platforms.ActiveCfg = Release|Win32
		{EDCDDB01-74C6-4F55-85D1-D33E2644CF24}.Release|Mixed Platforms.Build.0 = Release|Win32
		{EDCDDB01-74C6-4F55-85D1-D33E2644CF24}.Release|Win32.ActiveCfg = Release|Win32
		{EDCDDB01-74C6-4F55-85D1-D33E2644CF24}.Release|Win32.Build.0 = Release|Win32
		{37FAD6B6-13F0-4A58-A342-F82CDC74EF90}.Debug|Any CPU.ActiveCfg = Debug|Any CPU
		{37FAD6B6-13F0-4A58-A342-F82CDC74EF90}.Debug|Any CPU.Build.0 = Debug|Any CPU
		{37FAD6B6-13F0-4A58-A342-F82CDC74EF90}.Debug|Mixed Platforms.ActiveCfg = Debug|Any CPU
		{37FAD6B6-13F0-4A58-A342-F82CDC74EF90}.Debug|Mixed Platforms.Build.0 = Debug|Any CPU
		{37FAD6B6-13F0-4A58-A342-F82CDC74EF90}.Debug|Win32.ActiveCfg = Debug|Any CPU
		{37FAD6B6-13F0-4A58-A342-F82CDC74EF90}.Release|Any CPU.ActiveCfg = Release|Any CPU
		{37FAD6B6-13F0-4A58-A342-F82CDC74EF90}.Release|Any CPU.Build.0 = Release|Any CPU
		{37FAD6B6-13F0-4A58-A342-F82CDC74EF90}.Release|Mixed Platforms.ActiveCfg = Release|Any CPU
		{37FAD6B6-13F0-4A58-A342-F82CDC74EF90}.Release|Mixed Platforms.Build.0 = Release|Any CPU
		{37FAD6B6-13F0-4A58-A342-F82CDC74EF90}.Release|Win32.ActiveCfg = Release|Any CPU
		{C05002EE-759A-4BF2-8A5D-6D873A32D3B2}.Debug|Any CPU.ActiveCfg = Debug|Win32
		{C05002EE-759A-4BF2-8A5D-6D873A32D3B2}.Debug|Mixed Platforms.ActiveCfg = Debug|Win32
		{C05002EE-759A-4BF2-8A5D-6D873A32D3B2}.Debug|Mixed Platforms.Build.0 = Debug|Win32
		{C05002EE-759A-4BF2-8A5D-6D873A32D3B2}.Debug|Win32.ActiveCfg = Debug|Win32
		{C05002EE-759A-4BF2-8A5D-6D873A32D3B2}.Debug|Win32.Build.0 = Debug|Win32
		{C05002EE-759A-4BF2-8A5D-6D873A32D3B2}.Release|Any CPU.ActiveCfg = Release|Win32
		{C05002EE-759A-4BF2-8A5D-6D873A32D3B2}.Release|Mixed Platforms.ActiveCfg = Release|Win32
		{C05002EE-759A-4BF2-8A5D-6D873A32D3B2}.Release|Mixed Platforms.Build.0 = Release|Win32
		{C05002EE-759A-4BF2-8A5D-6D873A32D3B2}.Release|Win32.ActiveCfg = Release|Win32
		{C05002EE-759A-4BF2-8A5D-6D873A32D3B2}.Release|Win32.Build.0 = Release|Win32
		{69787993-8CC1-4DCE-92B1-36FDE08BDB28}.Debug|Any CPU.ActiveCfg = Debug|Any CPU
		{69787993-8CC1-4DCE-92B1-36FDE08BDB28}.Debug|Any CPU.Build.0 = Debug|Any CPU
		{69787993-8CC1-4DCE-92B1-36FDE08BDB28}.Debug|Mixed Platforms.ActiveCfg = Debug|Any CPU
		{69787993-8CC1-4DCE-92B1-36FDE08BDB28}.Debug|Mixed Platforms.Build.0 = Debug|Any CPU
		{69787993-8CC1-4DCE-92B1-36FDE08BDB28}.Debug|Win32.ActiveCfg = Debug|Any CPU
		{69787993-8CC1-4DCE-92B1-36FDE08BDB28}.Release|Any CPU.ActiveCfg = Release|Any CPU
		{69787993-8CC1-4DCE-92B1-36FDE08BDB28}.Release|Any CPU.Build.0 = Release|Any CPU
		{69787993-8CC1-4DCE-92B1-36FDE08BDB28}.Release|Mixed Platforms.ActiveCfg = Release|Any CPU
		{69787993-8CC1-4DCE-92B1-36FDE08BDB28}.Release|Mixed Platforms.Build.0 = Release|Any CPU
		{69787993-8CC1-4DCE-92B1-36FDE08BDB28}.Release|Win32.ActiveCfg = Release|Any CPU
		{ADD4A3E7-FD1A-4C78-A0B2-031DC9F924C4}.Debug|Any CPU.ActiveCfg = Debug|Any CPU
		{ADD4A3E7-FD1A-4C78-A0B2-031DC9F924C4}.Debug|Any CPU.Build.0 = Debug|Any CPU
		{ADD4A3E7-FD1A-4C78-A0B2-031DC9F924C4}.Debug|Mixed Platforms.ActiveCfg = Debug|Any CPU
		{ADD4A3E7-FD1A-4C78-A0B2-031DC9F924C4}.Debug|Mixed Platforms.Build.0 = Debug|Any CPU
		{ADD4A3E7-FD1A-4C78-A0B2-031DC9F924C4}.Debug|Win32.ActiveCfg = Debug|Any CPU
		{ADD4A3E7-FD1A-4C78-A0B2-031DC9F924C4}.Release|Any CPU.ActiveCfg = Release|Any CPU
		{ADD4A3E7-FD1A-4C78-A0B2-031DC9F924C4}.Release|Any CPU.Build.0 = Release|Any CPU
		{ADD4A3E7-FD1A-4C78-A0B2-031DC9F924C4}.Release|Mixed Platforms.ActiveCfg = Release|Any CPU
		{ADD4A3E7-FD1A-4C78-A0B2-031DC9F924C4}.Release|Mixed Platforms.Build.0 = Release|Any CPU
		{ADD4A3E7-FD1A-4C78-A0B2-031DC9F924C4}.Release|Win32.ActiveCfg = Release|Any CPU
		{6C1723D5-82E1-42AB-8436-494C80B6BDEC}.Debug|Any CPU.ActiveCfg = Debug|Any CPU
		{6C1723D5-82E1-42AB-8436-494C80B6BDEC}.Debug|Any CPU.Build.0 = Debug|Any CPU
		{6C1723D5-82E1-42AB-8436-494C80B6BDEC}.Debug|Mixed Platforms.ActiveCfg = Debug|Any CPU
		{6C1723D5-82E1-42AB-8436-494C80B6BDEC}.Debug|Mixed Platforms.Build.0 = Debug|Any CPU
		{6C1723D5-82E1-42AB-8436-494C80B6BDEC}.Debug|Win32.ActiveCfg = Debug|Any CPU
		{6C1723D5-82E1-42AB-8436-494C80B6BDEC}.Release|Any CPU.ActiveCfg = Release|Any CPU
		{6C1723D5-82E1-42AB-8436-494C80B6BDEC}.Release|Any CPU.Build.0 = Release|Any CPU
		{6C1723D5-82E1-42AB-8436-494C80B6BDEC}.Release|Mixed Platforms.ActiveCfg = Release|Any CPU
		{6C1723D5-82E1-42AB-8436-494C80B6BDEC}.Release|Mixed Platforms.Build.0 = Release|Any CPU
		{6C1723D5-82E1-42AB-8436-494C80B6BDEC}.Release|Win32.ActiveCfg = Release|Any CPU
		{4A16033F-0EA9-44D5-B682-52D9DFBA11E9}.Debug|Any CPU.ActiveCfg = Debug|Win32
		{4A16033F-0EA9-44D5-B682-52D9DFBA11E9}.Debug|Mixed Platforms.ActiveCfg = Debug|Win32
		{4A16033F-0EA9-44D5-B682-52D9DFBA11E9}.Debug|Mixed Platforms.Build.0 = Debug|Win32
		{4A16033F-0EA9-44D5-B682-52D9DFBA11E9}.Debug|Win32.ActiveCfg = Debug|Win32
		{4A16033F-0EA9-44D5-B682-52D9DFBA11E9}.Debug|Win32.Build.0 = Debug|Win32
		{4A16033F-0EA9-44D5-B682-52D9DFBA11E9}.Release|Any CPU.ActiveCfg = Release|Win32
		{4A16033F-0EA9-44D5-B682-52D9DFBA11E9}.Release|Mixed Platforms.ActiveCfg = Release|Win32
		{4A16033F-0EA9-44D5-B682-52D9DFBA11E9}.Release|Mixed Platforms.Build.0 = Release|Win32
		{4A16033F-0EA9-44D5-B682-52D9DFBA11E9}.Release|Win32.ActiveCfg = Release|Win32
		{4A16033F-0EA9-44D5-B682-52D9DFBA11E9}.Release|Win32.Build.0 = Release|Win32
	EndGlobalSection
	GlobalSection(SolutionProperties) = preSolution
		HideSolutionNode = FALSE
	EndGlobalSection
EndGlobal
